
Microsoft Visual Studio Solution File, Format Version 12.00
# Visual Studio 2012
Project("{8BC9CEB8-8B4A-11D0-8D11-00A0C91BC942}") = "max sir", "max sir\max sir.vcxproj", "{E560A688-B529-4DAE-B40A-638B41109E1A}"
EndProject
Global
	GlobalSection(SolutionConfigurationPlatforms) = preSolution
		Debug|Win32 = Debug|Win32
		Release|Win32 = Release|Win32
	EndGlobalSection
	GlobalSection(ProjectConfigurationPlatforms) = postSolution
		{E560A688-B529-4DAE-B40A-638B41109E1A}.Debug|Win32.ActiveCfg = Debug|Win32
		{E560A688-B529-4DAE-B40A-638B41109E1A}.Debug|Win32.Build.0 = Debug|Win32
		{E560A688-B529-4DAE-B40A-638B41109E1A}.Release|Win32.ActiveCfg = Release|Win32
		{E560A688-B529-4DAE-B40A-638B41109E1A}.Release|Win32.Build.0 = Release|Win32
	EndGlobalSection
	GlobalSection(SolutionProperties) = preSolution
		HideSolutionNode = FALSE
	EndGlobalSection
EndGlobal
